<?xml version="1.0" encoding="UTF-8"?>
<CodeBlocks_project_file>
	<FileVersion major="1" minor="6"/>
	<Project>
		<Option title="sylar"/>
		<Option makefile_is_custom="1"/>
		<Option compiler="clang"/>
		<Option virtualFolders="CMake Files\;CMake Files\cmake\;"/>
		<Build>
			<Target title="all">
				<Option working_dir="/home/orange/workspace"/>
				<Option type="4"/>
				<MakeCommands>
					<Build command="/usr/bin/gmake -j16 -f &quot;/home/orange/workspace/Makefile&quot;  VERBOSE=1 all"/>
					<CompileFile command="/usr/bin/gmake -j16 -f &quot;/home/orange/workspace/Makefile&quot;  VERBOSE=1 &quot;$file&quot;"/>
					<Clean command="/usr/bin/gmake -j16 -f &quot;/home/orange/workspace/Makefile&quot;  VERBOSE=1 clean"/>
					<DistClean command="/usr/bin/gmake -j16 -f &quot;/home/orange/workspace/Makefile&quot;  VERBOSE=1 clean"/>
				</MakeCommands>
			</Target>
			<Target title="sylar">
				<Option output="/home/orange/workspace/lib/libsylar.so" prefix_auto="0" extension_auto="0"/>
				<Option working_dir="/home/orange/workspace"/>
				<Option object_output="./"/>
				<Option type="3"/>
				<Option compiler="clang"/>
				<Compiler>
					<Add directory="/home/orange/workspace/."/>
					<Add directory="/home/orange/workspace/../yaml/yaml-cpp/include/yaml-cpp"/>
					<Add directory="/usr/bin/../lib/gcc/x86_64-linux-gnu/11/../../../../include/c++/11"/>
					<Add directory="/usr/bin/../lib/gcc/x86_64-linux-gnu/11/../../../../include/x86_64-linux-gnu/c++/11"/>
					<Add directory="/usr/bin/../lib/gcc/x86_64-linux-gnu/11/../../../../include/c++/11/backward"/>
					<Add directory="/usr/lib/llvm-14/lib/clang/14.0.0/include"/>
					<Add directory="/usr/local/include"/>
					<Add directory="/usr/include/x86_64-linux-gnu"/>
					<Add directory="/usr/include"/>
				</Compiler>
				<MakeCommands>
					<Build command="/usr/bin/gmake -j16 -f &quot;/home/orange/workspace/Makefile&quot;  VERBOSE=1 sylar"/>
					<CompileFile command="/usr/bin/gmake -j16 -f &quot;/home/orange/workspace/Makefile&quot;  VERBOSE=1 &quot;$file&quot;"/>
					<Clean command="/usr/bin/gmake -j16 -f &quot;/home/orange/workspace/Makefile&quot;  VERBOSE=1 clean"/>
					<DistClean command="/usr/bin/gmake -j16 -f &quot;/home/orange/workspace/Makefile&quot;  VERBOSE=1 clean"/>
				</MakeCommands>
			</Target>
			<Target title="sylar/fast">
				<Option output="/home/orange/workspace/lib/libsylar.so" prefix_auto="0" extension_auto="0"/>
				<Option working_dir="/home/orange/workspace"/>
				<Option object_output="./"/>
				<Option type="3"/>
				<Option compiler="clang"/>
				<Compiler>
					<Add directory="/home/orange/workspace/."/>
					<Add directory="/home/orange/workspace/../yaml/yaml-cpp/include/yaml-cpp"/>
					<Add directory="/usr/bin/../lib/gcc/x86_64-linux-gnu/11/../../../../include/c++/11"/>
					<Add directory="/usr/bin/../lib/gcc/x86_64-linux-gnu/11/../../../../include/x86_64-linux-gnu/c++/11"/>
					<Add directory="/usr/bin/../lib/gcc/x86_64-linux-gnu/11/../../../../include/c++/11/backward"/>
					<Add directory="/usr/lib/llvm-14/lib/clang/14.0.0/include"/>
					<Add directory="/usr/local/include"/>
					<Add directory="/usr/include/x86_64-linux-gnu"/>
					<Add directory="/usr/include"/>
				</Compiler>
				<MakeCommands>
					<Build command="/usr/bin/gmake -j16 -f &quot;/home/orange/workspace/Makefile&quot;  VERBOSE=1 sylar/fast"/>
					<CompileFile command="/usr/bin/gmake -j16 -f &quot;/home/orange/workspace/Makefile&quot;  VERBOSE=1 &quot;$file&quot;"/>
					<Clean command="/usr/bin/gmake -j16 -f &quot;/home/orange/workspace/Makefile&quot;  VERBOSE=1 clean"/>
					<DistClean command="/usr/bin/gmake -j16 -f &quot;/home/orange/workspace/Makefile&quot;  VERBOSE=1 clean"/>
				</MakeCommands>
			</Target>
			<Target title="test">
				<Option output="/home/orange/workspace/bin/test" prefix_auto="0" extension_auto="0"/>
				<Option working_dir="/home/orange/workspace/bin"/>
				<Option object_output="./"/>
				<Option type="1"/>
				<Option compiler="clang"/>
				<Compiler>
					<Add directory="/home/orange/workspace/."/>
					<Add directory="/home/orange/workspace/../yaml/yaml-cpp/include/yaml-cpp"/>
					<Add directory="/usr/bin/../lib/gcc/x86_64-linux-gnu/11/../../../../include/c++/11"/>
					<Add directory="/usr/bin/../lib/gcc/x86_64-linux-gnu/11/../../../../include/x86_64-linux-gnu/c++/11"/>
					<Add directory="/usr/bin/../lib/gcc/x86_64-linux-gnu/11/../../../../include/c++/11/backward"/>
					<Add directory="/usr/lib/llvm-14/lib/clang/14.0.0/include"/>
					<Add directory="/usr/local/include"/>
					<Add directory="/usr/include/x86_64-linux-gnu"/>
					<Add directory="/usr/include"/>
				</Compiler>
				<MakeCommands>
					<Build command="/usr/bin/gmake -j16 -f &quot;/home/orange/workspace/Makefile&quot;  VERBOSE=1 test"/>
					<CompileFile command="/usr/bin/gmake -j16 -f &quot;/home/orange/workspace/Makefile&quot;  VERBOSE=1 &quot;$file&quot;"/>
					<Clean command="/usr/bin/gmake -j16 -f &quot;/home/orange/workspace/Makefile&quot;  VERBOSE=1 clean"/>
					<DistClean command="/usr/bin/gmake -j16 -f &quot;/home/orange/workspace/Makefile&quot;  VERBOSE=1 clean"/>
				</MakeCommands>
			</Target>
			<Target title="test/fast">
				<Option output="/home/orange/workspace/bin/test" prefix_auto="0" extension_auto="0"/>
				<Option working_dir="/home/orange/workspace/bin"/>
				<Option object_output="./"/>
				<Option type="1"/>
				<Option compiler="clang"/>
				<Compiler>
					<Add directory="/home/orange/workspace/."/>
					<Add directory="/home/orange/workspace/../yaml/yaml-cpp/include/yaml-cpp"/>
					<Add directory="/usr/bin/../lib/gcc/x86_64-linux-gnu/11/../../../../include/c++/11"/>
					<Add directory="/usr/bin/../lib/gcc/x86_64-linux-gnu/11/../../../../include/x86_64-linux-gnu/c++/11"/>
					<Add directory="/usr/bin/../lib/gcc/x86_64-linux-gnu/11/../../../../include/c++/11/backward"/>
					<Add directory="/usr/lib/llvm-14/lib/clang/14.0.0/include"/>
					<Add directory="/usr/local/include"/>
					<Add directory="/usr/include/x86_64-linux-gnu"/>
					<Add directory="/usr/include"/>
				</Compiler>
				<MakeCommands>
					<Build command="/usr/bin/gmake -j16 -f &quot;/home/orange/workspace/Makefile&quot;  VERBOSE=1 test/fast"/>
					<CompileFile command="/usr/bin/gmake -j16 -f &quot;/home/orange/workspace/Makefile&quot;  VERBOSE=1 &quot;$file&quot;"/>
					<Clean command="/usr/bin/gmake -j16 -f &quot;/home/orange/workspace/Makefile&quot;  VERBOSE=1 clean"/>
					<DistClean command="/usr/bin/gmake -j16 -f &quot;/home/orange/workspace/Makefile&quot;  VERBOSE=1 clean"/>
				</MakeCommands>
			</Target>
			<Target title="test_config">
				<Option output="/home/orange/workspace/bin/test_config" prefix_auto="0" extension_auto="0"/>
				<Option working_dir="/home/orange/workspace/bin"/>
				<Option object_output="./"/>
				<Option type="1"/>
				<Option compiler="clang"/>
				<Compiler>
					<Add directory="/home/orange/workspace/."/>
					<Add directory="/home/orange/workspace/../yaml/yaml-cpp/include/yaml-cpp"/>
					<Add directory="/usr/bin/../lib/gcc/x86_64-linux-gnu/11/../../../../include/c++/11"/>
					<Add directory="/usr/bin/../lib/gcc/x86_64-linux-gnu/11/../../../../include/x86_64-linux-gnu/c++/11"/>
					<Add directory="/usr/bin/../lib/gcc/x86_64-linux-gnu/11/../../../../include/c++/11/backward"/>
					<Add directory="/usr/lib/llvm-14/lib/clang/14.0.0/include"/>
					<Add directory="/usr/local/include"/>
					<Add directory="/usr/include/x86_64-linux-gnu"/>
					<Add directory="/usr/include"/>
				</Compiler>
				<MakeCommands>
					<Build command="/usr/bin/gmake -j16 -f &quot;/home/orange/workspace/Makefile&quot;  VERBOSE=1 test_config"/>
					<CompileFile command="/usr/bin/gmake -j16 -f &quot;/home/orange/workspace/Makefile&quot;  VERBOSE=1 &quot;$file&quot;"/>
					<Clean command="/usr/bin/gmake -j16 -f &quot;/home/orange/workspace/Makefile&quot;  VERBOSE=1 clean"/>
					<DistClean command="/usr/bin/gmake -j16 -f &quot;/home/orange/workspace/Makefile&quot;  VERBOSE=1 clean"/>
				</MakeCommands>
			</Target>
			<Target title="test_config/fast">
				<Option output="/home/orange/workspace/bin/test_config" prefix_auto="0" extension_auto="0"/>
				<Option working_dir="/home/orange/workspace/bin"/>
				<Option object_output="./"/>
				<Option type="1"/>
				<Option compiler="clang"/>
				<Compiler>
					<Add directory="/home/orange/workspace/."/>
					<Add directory="/home/orange/workspace/../yaml/yaml-cpp/include/yaml-cpp"/>
					<Add directory="/usr/bin/../lib/gcc/x86_64-linux-gnu/11/../../../../include/c++/11"/>
					<Add directory="/usr/bin/../lib/gcc/x86_64-linux-gnu/11/../../../../include/x86_64-linux-gnu/c++/11"/>
					<Add directory="/usr/bin/../lib/gcc/x86_64-linux-gnu/11/../../../../include/c++/11/backward"/>
					<Add directory="/usr/lib/llvm-14/lib/clang/14.0.0/include"/>
					<Add directory="/usr/local/include"/>
					<Add directory="/usr/include/x86_64-linux-gnu"/>
					<Add directory="/usr/include"/>
				</Compiler>
				<MakeCommands>
					<Build command="/usr/bin/gmake -j16 -f &quot;/home/orange/workspace/Makefile&quot;  VERBOSE=1 test_config/fast"/>
					<CompileFile command="/usr/bin/gmake -j16 -f &quot;/home/orange/workspace/Makefile&quot;  VERBOSE=1 &quot;$file&quot;"/>
					<Clean command="/usr/bin/gmake -j16 -f &quot;/home/orange/workspace/Makefile&quot;  VERBOSE=1 clean"/>
					<DistClean command="/usr/bin/gmake -j16 -f &quot;/home/orange/workspace/Makefile&quot;  VERBOSE=1 clean"/>
				</MakeCommands>
			</Target>
			<Target title="test_thread">
				<Option output="/home/orange/workspace/bin/test_thread" prefix_auto="0" extension_auto="0"/>
				<Option working_dir="/home/orange/workspace/bin"/>
				<Option object_output="./"/>
				<Option type="1"/>
				<Option compiler="clang"/>
				<Compiler>
					<Add directory="/home/orange/workspace/."/>
					<Add directory="/home/orange/workspace/../yaml/yaml-cpp/include/yaml-cpp"/>
					<Add directory="/usr/bin/../lib/gcc/x86_64-linux-gnu/11/../../../../include/c++/11"/>
					<Add directory="/usr/bin/../lib/gcc/x86_64-linux-gnu/11/../../../../include/x86_64-linux-gnu/c++/11"/>
					<Add directory="/usr/bin/../lib/gcc/x86_64-linux-gnu/11/../../../../include/c++/11/backward"/>
					<Add directory="/usr/lib/llvm-14/lib/clang/14.0.0/include"/>
					<Add directory="/usr/local/include"/>
					<Add directory="/usr/include/x86_64-linux-gnu"/>
					<Add directory="/usr/include"/>
				</Compiler>
				<MakeCommands>
					<Build command="/usr/bin/gmake -j16 -f &quot;/home/orange/workspace/Makefile&quot;  VERBOSE=1 test_thread"/>
					<CompileFile command="/usr/bin/gmake -j16 -f &quot;/home/orange/workspace/Makefile&quot;  VERBOSE=1 &quot;$file&quot;"/>
					<Clean command="/usr/bin/gmake -j16 -f &quot;/home/orange/workspace/Makefile&quot;  VERBOSE=1 clean"/>
					<DistClean command="/usr/bin/gmake -j16 -f &quot;/home/orange/workspace/Makefile&quot;  VERBOSE=1 clean"/>
				</MakeCommands>
			</Target>
			<Target title="test_thread/fast">
				<Option output="/home/orange/workspace/bin/test_thread" prefix_auto="0" extension_auto="0"/>
				<Option working_dir="/home/orange/workspace/bin"/>
				<Option object_output="./"/>
				<Option type="1"/>
				<Option compiler="clang"/>
				<Compiler>
					<Add directory="/home/orange/workspace/."/>
					<Add directory="/home/orange/workspace/../yaml/yaml-cpp/include/yaml-cpp"/>
					<Add directory="/usr/bin/../lib/gcc/x86_64-linux-gnu/11/../../../../include/c++/11"/>
					<Add directory="/usr/bin/../lib/gcc/x86_64-linux-gnu/11/../../../../include/x86_64-linux-gnu/c++/11"/>
					<Add directory="/usr/bin/../lib/gcc/x86_64-linux-gnu/11/../../../../include/c++/11/backward"/>
					<Add directory="/usr/lib/llvm-14/lib/clang/14.0.0/include"/>
					<Add directory="/usr/local/include"/>
					<Add directory="/usr/include/x86_64-linux-gnu"/>
					<Add directory="/usr/include"/>
				</Compiler>
				<MakeCommands>
					<Build command="/usr/bin/gmake -j16 -f &quot;/home/orange/workspace/Makefile&quot;  VERBOSE=1 test_thread/fast"/>
					<CompileFile command="/usr/bin/gmake -j16 -f &quot;/home/orange/workspace/Makefile&quot;  VERBOSE=1 &quot;$file&quot;"/>
					<Clean command="/usr/bin/gmake -j16 -f &quot;/home/orange/workspace/Makefile&quot;  VERBOSE=1 clean"/>
					<DistClean command="/usr/bin/gmake -j16 -f &quot;/home/orange/workspace/Makefile&quot;  VERBOSE=1 clean"/>
				</MakeCommands>
			</Target>
			<Target title="workspace">
				<Option output="/home/orange/workspace/bin/workspace" prefix_auto="0" extension_auto="0"/>
				<Option working_dir="/home/orange/workspace/bin"/>
				<Option object_output="./"/>
				<Option type="1"/>
				<Option compiler="clang"/>
				<Compiler>
					<Add directory="/home/orange/workspace/."/>
					<Add directory="/home/orange/workspace/../yaml/yaml-cpp/include/yaml-cpp"/>
					<Add directory="/usr/bin/../lib/gcc/x86_64-linux-gnu/11/../../../../include/c++/11"/>
					<Add directory="/usr/bin/../lib/gcc/x86_64-linux-gnu/11/../../../../include/x86_64-linux-gnu/c++/11"/>
					<Add directory="/usr/bin/../lib/gcc/x86_64-linux-gnu/11/../../../../include/c++/11/backward"/>
					<Add directory="/usr/lib/llvm-14/lib/clang/14.0.0/include"/>
					<Add directory="/usr/local/include"/>
					<Add directory="/usr/include/x86_64-linux-gnu"/>
					<Add directory="/usr/include"/>
				</Compiler>
				<MakeCommands>
					<Build command="/usr/bin/gmake -j16 -f &quot;/home/orange/workspace/Makefile&quot;  VERBOSE=1 workspace"/>
					<CompileFile command="/usr/bin/gmake -j16 -f &quot;/home/orange/workspace/Makefile&quot;  VERBOSE=1 &quot;$file&quot;"/>
					<Clean command="/usr/bin/gmake -j16 -f &quot;/home/orange/workspace/Makefile&quot;  VERBOSE=1 clean"/>
					<DistClean command="/usr/bin/gmake -j16 -f &quot;/home/orange/workspace/Makefile&quot;  VERBOSE=1 clean"/>
				</MakeCommands>
			</Target>
			<Target title="workspace/fast">
				<Option output="/home/orange/workspace/bin/workspace" prefix_auto="0" extension_auto="0"/>
				<Option working_dir="/home/orange/workspace/bin"/>
				<Option object_output="./"/>
				<Option type="1"/>
				<Option compiler="clang"/>
				<Compiler>
					<Add directory="/home/orange/workspace/."/>
					<Add directory="/home/orange/workspace/../yaml/yaml-cpp/include/yaml-cpp"/>
					<Add directory="/usr/bin/../lib/gcc/x86_64-linux-gnu/11/../../../../include/c++/11"/>
					<Add directory="/usr/bin/../lib/gcc/x86_64-linux-gnu/11/../../../../include/x86_64-linux-gnu/c++/11"/>
					<Add directory="/usr/bin/../lib/gcc/x86_64-linux-gnu/11/../../../../include/c++/11/backward"/>
					<Add directory="/usr/lib/llvm-14/lib/clang/14.0.0/include"/>
					<Add directory="/usr/local/include"/>
					<Add directory="/usr/include/x86_64-linux-gnu"/>
					<Add directory="/usr/include"/>
				</Compiler>
				<MakeCommands>
					<Build command="/usr/bin/gmake -j16 -f &quot;/home/orange/workspace/Makefile&quot;  VERBOSE=1 workspace/fast"/>
					<CompileFile command="/usr/bin/gmake -j16 -f &quot;/home/orange/workspace/Makefile&quot;  VERBOSE=1 &quot;$file&quot;"/>
					<Clean command="/usr/bin/gmake -j16 -f &quot;/home/orange/workspace/Makefile&quot;  VERBOSE=1 clean"/>
					<DistClean command="/usr/bin/gmake -j16 -f &quot;/home/orange/workspace/Makefile&quot;  VERBOSE=1 clean"/>
				</MakeCommands>
			</Target>
			<Target title="edit_cache">
				<Option working_dir="/home/orange/workspace"/>
				<Option type="4"/>
				<MakeCommands>
					<Build command="/usr/bin/gmake -j16 -f &quot;/home/orange/workspace/Makefile&quot;  VERBOSE=1 edit_cache"/>
					<CompileFile command="/usr/bin/gmake -j16 -f &quot;/home/orange/workspace/Makefile&quot;  VERBOSE=1 &quot;$file&quot;"/>
					<Clean command="/usr/bin/gmake -j16 -f &quot;/home/orange/workspace/Makefile&quot;  VERBOSE=1 clean"/>
					<DistClean command="/usr/bin/gmake -j16 -f &quot;/home/orange/workspace/Makefile&quot;  VERBOSE=1 clean"/>
				</MakeCommands>
			</Target>
			<Target title="rebuild_cache">
				<Option working_dir="/home/orange/workspace"/>
				<Option type="4"/>
				<MakeCommands>
					<Build command="/usr/bin/gmake -j16 -f &quot;/home/orange/workspace/Makefile&quot;  VERBOSE=1 rebuild_cache"/>
					<CompileFile command="/usr/bin/gmake -j16 -f &quot;/home/orange/workspace/Makefile&quot;  VERBOSE=1 &quot;$file&quot;"/>
					<Clean command="/usr/bin/gmake -j16 -f &quot;/home/orange/workspace/Makefile&quot;  VERBOSE=1 clean"/>
					<DistClean command="/usr/bin/gmake -j16 -f &quot;/home/orange/workspace/Makefile&quot;  VERBOSE=1 clean"/>
				</MakeCommands>
			</Target>
		</Build>
		<Unit filename="/home/orange/workspace/main.cpp">
			<Option target="workspace"/>
		</Unit>
		<Unit filename="/home/orange/workspace/sylar/config.cpp">
			<Option target="sylar"/>
		</Unit>
		<Unit filename="/home/orange/workspace/sylar/config.h">
			<Option target="sylar"/>
		</Unit>
		<Unit filename="/home/orange/workspace/sylar/log.cpp">
			<Option target="sylar"/>
		</Unit>
		<Unit filename="/home/orange/workspace/sylar/log.h">
			<Option target="sylar"/>
		</Unit>
		<Unit filename="/home/orange/workspace/sylar/thread.cpp">
			<Option target="sylar"/>
		</Unit>
		<Unit filename="/home/orange/workspace/sylar/thread.h">
			<Option target="sylar"/>
		</Unit>
		<Unit filename="/home/orange/workspace/sylar/util.cpp">
			<Option target="sylar"/>
		</Unit>
		<Unit filename="/home/orange/workspace/sylar/util.h">
			<Option target="sylar"/>
		</Unit>
		<Unit filename="/home/orange/workspace/tests/test.cpp">
			<Option target="test"/>
		</Unit>
		<Unit filename="/home/orange/workspace/tests/test_config.cpp">
			<Option target="test_config"/>
		</Unit>
		<Unit filename="/home/orange/workspace/tests/test_thread.cpp">
			<Option target="test_thread"/>
		</Unit>
		<Unit filename="/home/orange/workspace/CMakeLists.txt">
			<Option virtualFolder="CMake Files\"/>
		</Unit>
		<Unit filename="/home/orange/workspace/cmake/utils.cmake">
			<Option virtualFolder="CMake Files\cmake\"/>
		</Unit>
	</Project>
</CodeBlocks_project_file>
